
Microsoft Visual Studio Solution File, Format Version 12.00
# Visual Studio 14
VisualStudioVersion = 14.0.25420.1
MinimumVisualStudioVersion = 10.0.40219.1
Project("{8BC9CEB8-8B4A-11D0-8D11-00A0C91BC942}") = "Math", "Math\Math.vcxproj", "{EF054C93-201B-4807-9285-CABC9C68978A}"
EndProject
Project("{8BC9CEB8-8B4A-11D0-8D11-00A0C91BC942}") = "MathTest", "MathTest\MathTest.vcxproj", "{5E5C36F5-A7D5-47B9-8B22-EA3F8EC3970E}"
	ProjectSection(ProjectDependencies) = postProject
		{EF054C93-201B-4807-9285-CABC9C68978A} = {EF054C93-201B-4807-9285-CABC9C68978A}
	EndProjectSection
EndProject
Project("{8BC9CEB8-8B4A-11D0-8D11-00A0C91BC942}") = "Sample", "Sample\Sample.vcxproj", "{4621D140-811E-4E2B-ACF7-0948322E13B4}"
	ProjectSection(ProjectDependencies) = postProject
		{227E5411-92CB-4E30-A67B-043D8B04A9BC} = {227E5411-92CB-4E30-A67B-043D8B04A9BC}
		{EF054C93-201B-4807-9285-CABC9C68978A} = {EF054C93-201B-4807-9285-CABC9C68978A}
		{33BDCAB8-A30C-44B1-A93F-1AD3E15461AD} = {33BDCAB8-A30C-44B1-A93F-1AD3E15461AD}
		{266D30C3-1B54-4344-B2E2-DBF92D972957} = {266D30C3-1B54-4344-B2E2-DBF92D972957}
	EndProjectSection
EndProject
Project("{8BC9CEB8-8B4A-11D0-8D11-00A0C91BC942}") = "Physics", "Physics\Physics.vcxproj", "{266D30C3-1B54-4344-B2E2-DBF92D972957}"
EndProject
Project("{8BC9CEB8-8B4A-11D0-8D11-00A0C91BC942}") = "PhysicsTest", "PhysicsTest\PhysicsTest.vcxproj", "{5B31A7AA-E2EC-4670-BF7A-D05D2B18A76A}"
	ProjectSection(ProjectDependencies) = postProject
		{EF054C93-201B-4807-9285-CABC9C68978A} = {EF054C93-201B-4807-9285-CABC9C68978A}
		{266D30C3-1B54-4344-B2E2-DBF92D972957} = {266D30C3-1B54-4344-B2E2-DBF92D972957}
	EndProjectSection
EndProject
Project("{8BC9CEB8-8B4A-11D0-8D11-00A0C91BC942}") = "Graphics", "Graphics\Graphics.vcxproj", "{227E5411-92CB-4E30-A67B-043D8B04A9BC}"
EndProject
Project("{8BC9CEB8-8B4A-11D0-8D11-00A0C91BC942}") = "GraphicsTest", "GraphicsTest\GraphicsTest.vcxproj", "{2C9D0EBD-A595-4C82-90E8-F9158E76355D}"
	ProjectSection(ProjectDependencies) = postProject
		{227E5411-92CB-4E30-A67B-043D8B04A9BC} = {227E5411-92CB-4E30-A67B-043D8B04A9BC}
		{EF054C93-201B-4807-9285-CABC9C68978A} = {EF054C93-201B-4807-9285-CABC9C68978A}
		{266D30C3-1B54-4344-B2E2-DBF92D972957} = {266D30C3-1B54-4344-B2E2-DBF92D972957}
	EndProjectSection
EndProject
Project("{8BC9CEB8-8B4A-11D0-8D11-00A0C91BC942}") = "Shader", "Shader\Shader.vcxproj", "{33BDCAB8-A30C-44B1-A93F-1AD3E15461AD}"
EndProject
Project("{8BC9CEB8-8B4A-11D0-8D11-00A0C91BC942}") = "IO", "IO\IO.vcxproj", "{198160CC-5ED1-499D-AD45-90DBAC4852F8}"
EndProject
Project("{8BC9CEB8-8B4A-11D0-8D11-00A0C91BC942}") = "Shape", "Shape\Shape.vcxproj", "{76FDBCE5-E588-4BC9-97B4-C8FE5D76F91A}"
EndProject
Project("{2150E333-8FDC-42A3-9474-1A3956D46DE8}") = "GLSL", "GLSL", "{06C8587D-CCC8-4A98-87A4-3D4594D35C2F}"
	ProjectSection(SolutionItems) = preProject
		GLSL\BilateralFilter.glfs = GLSL\BilateralFilter.glfs
		GLSL\BilateralFilter.glvs = GLSL\BilateralFilter.glvs
		GLSL\CubeMapRenderer.glfs = GLSL\CubeMapRenderer.glfs
		GLSL\CubeMapRenderer.glvs = GLSL\CubeMapRenderer.glvs
		GLSL\Depth.glfs = GLSL\Depth.glfs
		GLSL\Depth.glvs = GLSL\Depth.glvs
		GLSL\DepthSmoothing.glfs = GLSL\DepthSmoothing.glfs
		GLSL\DepthSmoothing.glvs = GLSL\DepthSmoothing.glvs
		Differed.glfs = Differed.glfs
		Differed.glvs = Differed.glvs
		Fluid.glfs = Fluid.glfs
		Fluid.glvs = Fluid.glvs
		GLSL\ParticleDepth.glfs = GLSL\ParticleDepth.glfs
		GLSL\ParticleDepth.glvs = GLSL\ParticleDepth.glvs
		Point.glfs = Point.glfs
		Point.glvs = Point.glvs
		GLSL\SSAbsorption.glfs = GLSL\SSAbsorption.glfs
		GLSL\SSAbsorption.glvs = GLSL\SSAbsorption.glvs
		SSNormal.glfs = SSNormal.glfs
		SSNormal.glvs = SSNormal.glvs
		SSReflection.glfs = SSReflection.glfs
		SSReflection.glvs = SSReflection.glvs
		GLSL\SSThickness.glfs = GLSL\SSThickness.glfs
		GLSL\SSThickness.glvs = GLSL\SSThickness.glvs
	EndProjectSection
EndProject
Global
	GlobalSection(SolutionConfigurationPlatforms) = preSolution
		Debug|x64 = Debug|x64
		Debug|x86 = Debug|x86
		Release|x64 = Release|x64
		Release|x86 = Release|x86
	EndGlobalSection
	GlobalSection(ProjectConfigurationPlatforms) = postSolution
		{EF054C93-201B-4807-9285-CABC9C68978A}.Debug|x64.ActiveCfg = Debug|x64
		{EF054C93-201B-4807-9285-CABC9C68978A}.Debug|x64.Build.0 = Debug|x64
		{EF054C93-201B-4807-9285-CABC9C68978A}.Debug|x86.ActiveCfg = Debug|Win32
		{EF054C93-201B-4807-9285-CABC9C68978A}.Debug|x86.Build.0 = Debug|Win32
		{EF054C93-201B-4807-9285-CABC9C68978A}.Release|x64.ActiveCfg = Release|x64
		{EF054C93-201B-4807-9285-CABC9C68978A}.Release|x64.Build.0 = Release|x64
		{EF054C93-201B-4807-9285-CABC9C68978A}.Release|x86.ActiveCfg = Release|Win32
		{EF054C93-201B-4807-9285-CABC9C68978A}.Release|x86.Build.0 = Release|Win32
		{5E5C36F5-A7D5-47B9-8B22-EA3F8EC3970E}.Debug|x64.ActiveCfg = Debug|x64
		{5E5C36F5-A7D5-47B9-8B22-EA3F8EC3970E}.Debug|x64.Build.0 = Debug|x64
		{5E5C36F5-A7D5-47B9-8B22-EA3F8EC3970E}.Debug|x86.ActiveCfg = Debug|Win32
		{5E5C36F5-A7D5-47B9-8B22-EA3F8EC3970E}.Debug|x86.Build.0 = Debug|Win32
		{5E5C36F5-A7D5-47B9-8B22-EA3F8EC3970E}.Release|x64.ActiveCfg = Release|x64
		{5E5C36F5-A7D5-47B9-8B22-EA3F8EC3970E}.Release|x64.Build.0 = Release|x64
		{5E5C36F5-A7D5-47B9-8B22-EA3F8EC3970E}.Release|x86.ActiveCfg = Release|Win32
		{5E5C36F5-A7D5-47B9-8B22-EA3F8EC3970E}.Release|x86.Build.0 = Release|Win32
		{4621D140-811E-4E2B-ACF7-0948322E13B4}.Debug|x64.ActiveCfg = Debug|x64
		{4621D140-811E-4E2B-ACF7-0948322E13B4}.Debug|x64.Build.0 = Debug|x64
		{4621D140-811E-4E2B-ACF7-0948322E13B4}.Debug|x86.ActiveCfg = Debug|Win32
		{4621D140-811E-4E2B-ACF7-0948322E13B4}.Debug|x86.Build.0 = Debug|Win32
		{4621D140-811E-4E2B-ACF7-0948322E13B4}.Release|x64.ActiveCfg = Release|x64
		{4621D140-811E-4E2B-ACF7-0948322E13B4}.Release|x64.Build.0 = Release|x64
		{4621D140-811E-4E2B-ACF7-0948322E13B4}.Release|x86.ActiveCfg = Release|Win32
		{4621D140-811E-4E2B-ACF7-0948322E13B4}.Release|x86.Build.0 = Release|Win32
		{266D30C3-1B54-4344-B2E2-DBF92D972957}.Debug|x64.ActiveCfg = Debug|x64
		{266D30C3-1B54-4344-B2E2-DBF92D972957}.Debug|x64.Build.0 = Debug|x64
		{266D30C3-1B54-4344-B2E2-DBF92D972957}.Debug|x86.ActiveCfg = Debug|Win32
		{266D30C3-1B54-4344-B2E2-DBF92D972957}.Debug|x86.Build.0 = Debug|Win32
		{266D30C3-1B54-4344-B2E2-DBF92D972957}.Release|x64.ActiveCfg = Release|x64
		{266D30C3-1B54-4344-B2E2-DBF92D972957}.Release|x64.Build.0 = Release|x64
		{266D30C3-1B54-4344-B2E2-DBF92D972957}.Release|x86.ActiveCfg = Release|Win32
		{266D30C3-1B54-4344-B2E2-DBF92D972957}.Release|x86.Build.0 = Release|Win32
		{5B31A7AA-E2EC-4670-BF7A-D05D2B18A76A}.Debug|x64.ActiveCfg = Debug|x64
		{5B31A7AA-E2EC-4670-BF7A-D05D2B18A76A}.Debug|x64.Build.0 = Debug|x64
		{5B31A7AA-E2EC-4670-BF7A-D05D2B18A76A}.Debug|x86.ActiveCfg = Debug|Win32
		{5B31A7AA-E2EC-4670-BF7A-D05D2B18A76A}.Debug|x86.Build.0 = Debug|Win32
		{5B31A7AA-E2EC-4670-BF7A-D05D2B18A76A}.Release|x64.ActiveCfg = Release|x64
		{5B31A7AA-E2EC-4670-BF7A-D05D2B18A76A}.Release|x64.Build.0 = Release|x64
		{5B31A7AA-E2EC-4670-BF7A-D05D2B18A76A}.Release|x86.ActiveCfg = Release|Win32
		{5B31A7AA-E2EC-4670-BF7A-D05D2B18A76A}.Release|x86.Build.0 = Release|Win32
		{227E5411-92CB-4E30-A67B-043D8B04A9BC}.Debug|x64.ActiveCfg = Debug|x64
		{227E5411-92CB-4E30-A67B-043D8B04A9BC}.Debug|x64.Build.0 = Debug|x64
		{227E5411-92CB-4E30-A67B-043D8B04A9BC}.Debug|x86.ActiveCfg = Debug|Win32
		{227E5411-92CB-4E30-A67B-043D8B04A9BC}.Debug|x86.Build.0 = Debug|Win32
		{227E5411-92CB-4E30-A67B-043D8B04A9BC}.Release|x64.ActiveCfg = Release|x64
		{227E5411-92CB-4E30-A67B-043D8B04A9BC}.Release|x64.Build.0 = Release|x64
		{227E5411-92CB-4E30-A67B-043D8B04A9BC}.Release|x86.ActiveCfg = Release|Win32
		{227E5411-92CB-4E30-A67B-043D8B04A9BC}.Release|x86.Build.0 = Release|Win32
		{2C9D0EBD-A595-4C82-90E8-F9158E76355D}.Debug|x64.ActiveCfg = Debug|x64
		{2C9D0EBD-A595-4C82-90E8-F9158E76355D}.Debug|x64.Build.0 = Debug|x64
		{2C9D0EBD-A595-4C82-90E8-F9158E76355D}.Debug|x86.ActiveCfg = Debug|Win32
		{2C9D0EBD-A595-4C82-90E8-F9158E76355D}.Debug|x86.Build.0 = Debug|Win32
		{2C9D0EBD-A595-4C82-90E8-F9158E76355D}.Release|x64.ActiveCfg = Release|x64
		{2C9D0EBD-A595-4C82-90E8-F9158E76355D}.Release|x64.Build.0 = Release|x64
		{2C9D0EBD-A595-4C82-90E8-F9158E76355D}.Release|x86.ActiveCfg = Release|Win32
		{2C9D0EBD-A595-4C82-90E8-F9158E76355D}.Release|x86.Build.0 = Release|Win32
		{33BDCAB8-A30C-44B1-A93F-1AD3E15461AD}.Debug|x64.ActiveCfg = Debug|x64
		{33BDCAB8-A30C-44B1-A93F-1AD3E15461AD}.Debug|x64.Build.0 = Debug|x64
		{33BDCAB8-A30C-44B1-A93F-1AD3E15461AD}.Debug|x86.ActiveCfg = Debug|Win32
		{33BDCAB8-A30C-44B1-A93F-1AD3E15461AD}.Debug|x86.Build.0 = Debug|Win32
		{33BDCAB8-A30C-44B1-A93F-1AD3E15461AD}.Release|x64.ActiveCfg = Release|x64
		{33BDCAB8-A30C-44B1-A93F-1AD3E15461AD}.Release|x64.Build.0 = Release|x64
		{33BDCAB8-A30C-44B1-A93F-1AD3E15461AD}.Release|x86.ActiveCfg = Release|Win32
		{33BDCAB8-A30C-44B1-A93F-1AD3E15461AD}.Release|x86.Build.0 = Release|Win32
		{198160CC-5ED1-499D-AD45-90DBAC4852F8}.Debug|x64.ActiveCfg = Debug|x64
		{198160CC-5ED1-499D-AD45-90DBAC4852F8}.Debug|x64.Build.0 = Debug|x64
		{198160CC-5ED1-499D-AD45-90DBAC4852F8}.Debug|x86.ActiveCfg = Debug|Win32
		{198160CC-5ED1-499D-AD45-90DBAC4852F8}.Debug|x86.Build.0 = Debug|Win32
		{198160CC-5ED1-499D-AD45-90DBAC4852F8}.Release|x64.ActiveCfg = Release|x64
		{198160CC-5ED1-499D-AD45-90DBAC4852F8}.Release|x64.Build.0 = Release|x64
		{198160CC-5ED1-499D-AD45-90DBAC4852F8}.Release|x86.ActiveCfg = Release|Win32
		{198160CC-5ED1-499D-AD45-90DBAC4852F8}.Release|x86.Build.0 = Release|Win32
		{76FDBCE5-E588-4BC9-97B4-C8FE5D76F91A}.Debug|x64.ActiveCfg = Debug|x64
		{76FDBCE5-E588-4BC9-97B4-C8FE5D76F91A}.Debug|x64.Build.0 = Debug|x64
		{76FDBCE5-E588-4BC9-97B4-C8FE5D76F91A}.Debug|x86.ActiveCfg = Debug|Win32
		{76FDBCE5-E588-4BC9-97B4-C8FE5D76F91A}.Debug|x86.Build.0 = Debug|Win32
		{76FDBCE5-E588-4BC9-97B4-C8FE5D76F91A}.Release|x64.ActiveCfg = Release|x64
		{76FDBCE5-E588-4BC9-97B4-C8FE5D76F91A}.Release|x64.Build.0 = Release|x64
		{76FDBCE5-E588-4BC9-97B4-C8FE5D76F91A}.Release|x86.ActiveCfg = Release|Win32
		{76FDBCE5-E588-4BC9-97B4-C8FE5D76F91A}.Release|x86.Build.0 = Release|Win32
	EndGlobalSection
	GlobalSection(SolutionProperties) = preSolution
		HideSolutionNode = FALSE
	EndGlobalSection
EndGlobal
