<?xml version="1.0" encoding="utf-8"?>
<Project ToolsVersion="4.0" xmlns="http://schemas.microsoft.com/developer/msbuild/2003">
  <ItemGroup>
    <ClInclude Include="Helper.h" />
    <ClInclude Include="OBJFileReader.h" />
    <ClInclude Include="DXFFileReader.h" />
    <ClInclude Include="MTLFileReader.h" />
    <ClInclude Include="STLAsciiFileReader.h" />
    <ClInclude Include="STLBinaryFileReader.h" />
    <ClInclude Include="STLAsciiFileWriter.h" />
    <ClInclude Include="STLBinaryFileWriter.h" />
    <ClInclude Include="PCDFileReader.h" />
    <ClInclude Include="ImageFileReader.h" />
  </ItemGroup>
  <ItemGroup>
    <ClCompile Include="OBJFileReader.cpp" />
    <ClCompile Include="DXFFileReader.cpp" />
    <ClCompile Include="MTLFileReader.cpp" />
    <ClCompile Include="STLAsciiFileReader.cpp" />
    <ClCompile Include="STLBinaryFileReader.cpp" />
    <ClCompile Include="STLAsciiFileWriter.cpp" />
    <ClCompile Include="STLBinaryFileWriter.cpp" />
    <ClCompile Include="PCDFileReader.cpp" />
    <ClCompile Include="ImageFileReader.cpp" />
  </ItemGroup>
</Project>