<?xml version="1.0" encoding="utf-8"?>
<Project ToolsVersion="4.0" xmlns="http://schemas.microsoft.com/developer/msbuild/2003">
  <ItemGroup>
    <ClInclude Include="STLFile.h" />
    <ClInclude Include="STLCell.h" />
    <ClInclude Include="Helper.h" />
    <ClInclude Include="OBJFileReader.h" />
    <ClInclude Include="DXFFileReader.h" />
    <ClInclude Include="MTLFileReader.h" />
  </ItemGroup>
  <ItemGroup>
    <ClCompile Include="STLFile.cpp" />
    <ClCompile Include="OBJFileReader.cpp" />
    <ClCompile Include="DXFFileReader.cpp" />
    <ClCompile Include="MTLFileReader.cpp" />
  </ItemGroup>
</Project>