<?xml version="1.0" encoding="utf-8"?>
<Project ToolsVersion="4.0" xmlns="http://schemas.microsoft.com/developer/msbuild/2003">
  <ItemGroup>
    <Filter Include="リソース ファイル">
      <UniqueIdentifier>{67DA6AB6-F800-4c08-8B7A-83BB121AAD01}</UniqueIdentifier>
      <Extensions>rc;ico;cur;bmp;dlg;rc2;rct;bin;rgs;gif;jpg;jpeg;jpe;resx;tiff;tif;png;wav;mfcribbon-ms</Extensions>
    </Filter>
    <Filter Include="imgui">
      <UniqueIdentifier>{6a9db318-899f-4332-830b-674d009a77fd}</UniqueIdentifier>
    </Filter>
    <Filter Include="Node">
      <UniqueIdentifier>{02733eb9-8116-4b4f-a60a-1d34b5270ece}</UniqueIdentifier>
    </Filter>
    <Filter Include="Link">
      <UniqueIdentifier>{b248af89-db0b-4a05-a906-5b0562eb2e49}</UniqueIdentifier>
    </Filter>
  </ItemGroup>
  <ItemGroup>
    <ClInclude Include="..\ThirdParty\imgui-1.49\imconfig.h">
      <Filter>imgui</Filter>
    </ClInclude>
    <ClInclude Include="..\ThirdParty\imgui-1.49\imgui.h">
      <Filter>imgui</Filter>
    </ClInclude>
    <ClInclude Include="..\ThirdParty\imgui-1.49\imgui_internal.h">
      <Filter>imgui</Filter>
    </ClInclude>
    <ClInclude Include="..\ThirdParty\imgui-1.49\stb_rect_pack.h">
      <Filter>imgui</Filter>
    </ClInclude>
    <ClInclude Include="..\ThirdParty\imgui-1.49\stb_textedit.h">
      <Filter>imgui</Filter>
    </ClInclude>
    <ClInclude Include="..\ThirdParty\imgui-1.49\stb_truetype.h">
      <Filter>imgui</Filter>
    </ClInclude>
    <ClInclude Include="imgui_impl_glfw_gl3.h">
      <Filter>imgui</Filter>
    </ClInclude>
    <ClInclude Include="GL\glcorearb.h">
      <Filter>imgui</Filter>
    </ClInclude>
    <ClInclude Include="..\ThirdParty\imgui-1.49\examples\libs\gl3w\GL\glcorearb.h">
      <Filter>imgui</Filter>
    </ClInclude>
    <ClInclude Include="stdafx.h" />
    <ClInclude Include="targetver.h" />
    <ClInclude Include="ShaderNode.h" />
    <ClInclude Include="PhysicsPanel.h" />
    <ClInclude Include="ShaderSlot.h" />
    <ClInclude Include="ShaderDesignPanel.h" />
    <ClInclude Include="GLVSEditor.h" />
    <ClInclude Include="GLFSEditor.h" />
    <ClInclude Include="CameraNode.h">
      <Filter>Node</Filter>
    </ClInclude>
    <ClInclude Include="INode.h">
      <Filter>Node</Filter>
    </ClInclude>
    <ClInclude Include="ParticleNode.h">
      <Filter>Node</Filter>
    </ClInclude>
    <ClInclude Include="Matrix4dLink.h">
      <Filter>Link</Filter>
    </ClInclude>
    <ClInclude Include="Vector3dArrayLink.h">
      <Filter>Link</Filter>
    </ClInclude>
  </ItemGroup>
  <ItemGroup>
    <ClCompile Include="..\ThirdParty\imgui-1.49\imgui.cpp">
      <Filter>imgui</Filter>
    </ClCompile>
    <ClCompile Include="..\ThirdParty\imgui-1.49\imgui_demo.cpp">
      <Filter>imgui</Filter>
    </ClCompile>
    <ClCompile Include="..\ThirdParty\imgui-1.49\imgui_draw.cpp">
      <Filter>imgui</Filter>
    </ClCompile>
    <ClCompile Include="Sample.cpp" />
    <ClCompile Include="stdafx.cpp" />
    <ClCompile Include="imgui_impl_glfw_gl3.cpp">
      <Filter>imgui</Filter>
    </ClCompile>
    <ClCompile Include="ShaderNode.cpp" />
    <ClCompile Include="PhysicsPanel.cpp" />
    <ClCompile Include="ShaderDesignPanel.cpp" />
    <ClCompile Include="ShaderSlot.cpp" />
    <ClCompile Include="GLVSEditor.cpp" />
    <ClCompile Include="GLFSEditor.cpp" />
    <ClCompile Include="CameraNode.cpp">
      <Filter>Node</Filter>
    </ClCompile>
    <ClCompile Include="INode.cpp">
      <Filter>Node</Filter>
    </ClCompile>
    <ClCompile Include="ParticleNode.cpp">
      <Filter>Node</Filter>
    </ClCompile>
  </ItemGroup>
  <ItemGroup>
    <None Include="packages.config" />
    <None Include="..\ThirdParty\imgui-1.49\.travis.yml">
      <Filter>imgui</Filter>
    </None>
    <None Include="..\ThirdParty\imgui-1.49\LICENSE">
      <Filter>imgui</Filter>
    </None>
    <None Include="..\ThirdParty\imgui-1.49\README.md">
      <Filter>imgui</Filter>
    </None>
  </ItemGroup>
</Project>