<?xml version="1.0" encoding="utf-8"?>
<Project ToolsVersion="4.0" xmlns="http://schemas.microsoft.com/developer/msbuild/2003">
  <ItemGroup>
    <ClInclude Include="ICanvas.h" />
    <ClInclude Include="RectSelectUICtrl.h" />
    <ClInclude Include="IModel.h" />
    <ClInclude Include="IMouseListener.h" />
    <ClInclude Include="IUICommand.h" />
    <ClInclude Include="ViewModel.h" />
    <ClInclude Include="IObject.h" />
    <ClInclude Include="IKeyListener.h" />
    <ClInclude Include="CameraUICommand.h" />
    <ClInclude Include="ParticleSystemObject.h" />
    <ClInclude Include="PickUICommand.h" />
    <ClInclude Include="PolygonMeshObject.h" />
    <ClInclude Include="WireFrameObject.h" />
    <ClInclude Include="ObjectRepository.h" />
    <ClInclude Include="FileReader.h" />
  </ItemGroup>
  <ItemGroup>
    <ClCompile Include="IModel.cpp" />
    <ClCompile Include="ICanvas.cpp" />
    <ClCompile Include="ViewModel.cpp" />
    <ClCompile Include="CameraUICommand.cpp" />
    <ClCompile Include="PickUICommand.cpp" />
    <ClCompile Include="ObjectRepository.cpp" />
    <ClCompile Include="FileReader.cpp" />
  </ItemGroup>
  <ItemGroup>
    <None Include="packages.config" />
  </ItemGroup>
</Project>